
Microsoft Visual Studio Solution File, Format Version 12.00
# Visual Studio Version 17
VisualStudioVersion = 17.14.36429.23 d17.14
MinimumVisualStudioVersion = 10.0.40219.1
Project("{FAE04EC0-301F-11D3-BF4B-00C04F79EFBC}") = "Luxia Monogame", "Luxia Monogame.csproj", "{CD416A0F-9741-9406-A167-F7BF76DA43F9}"
EndProject
Global
	GlobalSection(SolutionConfigurationPlatforms) = preSolution
		Debug|Any CPU = Debug|Any CPU
		Release|Any CPU = Release|Any CPU
	EndGlobalSection
	GlobalSection(ProjectConfigurationPlatforms) = postSolution
		{CD416A0F-9741-9406-A167-F7BF76DA43F9}.Debug|Any CPU.ActiveCfg = Debug|Any CPU
		{CD416A0F-9741-9406-A167-F7BF76DA43F9}.Debug|Any CPU.Build.0 = Debug|Any CPU
		{CD416A0F-9741-9406-A167-F7BF76DA43F9}.Release|Any CPU.ActiveCfg = Release|Any CPU
		{CD416A0F-9741-9406-A167-F7BF76DA43F9}.Release|Any CPU.Build.0 = Release|Any CPU
	EndGlobalSection
	GlobalSection(SolutionProperties) = preSolution
		HideSolutionNode = FALSE
	EndGlobalSection
	GlobalSection(ExtensibilityGlobals) = postSolution
		SolutionGuid = {B2325594-2DD3-4B76-926A-6AB658B95956}
	EndGlobalSection
EndGlobal
